
Microsoft Visual Studio Solution File, Format Version 12.00
# Visual Studio Version 16
VisualStudioVersion = 16.0.30309.148
MinimumVisualStudioVersion = 10.0.40219.1
Project("{FAE04EC0-301F-11D3-BF4B-00C04F79EFBC}") = "ClassesExample", "ClassesExample\ClassesExample.csproj", "{A5FBE106-B464-417B-BA25-CD7272C9B55B}"
EndProject
Global
	GlobalSection(SolutionConfigurationPlatforms) = preSolution
		Debug|Any CPU = Debug|Any CPU
		Release|Any CPU = Release|Any CPU
	EndGlobalSection
	GlobalSection(ProjectConfigurationPlatforms) = postSolution
		{A5FBE106-B464-417B-BA25-CD7272C9B55B}.Debug|Any CPU.ActiveCfg = Debug|Any CPU
		{A5FBE106-B464-417B-BA25-CD7272C9B55B}.Debug|Any CPU.Build.0 = Debug|Any CPU
		{A5FBE106-B464-417B-BA25-CD7272C9B55B}.Release|Any CPU.ActiveCfg = Release|Any CPU
		{A5FBE106-B464-417B-BA25-CD7272C9B55B}.Release|Any CPU.Build.0 = Release|Any CPU
	EndGlobalSection
	GlobalSection(SolutionProperties) = preSolution
		HideSolutionNode = FALSE
	EndGlobalSection
	GlobalSection(ExtensibilityGlobals) = postSolution
		SolutionGuid = {FD7F53D1-A33B-453E-8D78-27AE0AE159D9}
	EndGlobalSection
EndGlobal
